
Microsoft Visual Studio Solution File, Format Version 12.00
# Visual Studio 15
VisualStudioVersion = 15.0.27428.2043
MinimumVisualStudioVersion = 10.0.40219.1
Project("{FAE04EC0-301F-11D3-BF4B-00C04F79EFBC}") = "abstract-computer", "abstract-computer\abstract-computer.csproj", "{0BA46536-EF96-47FC-B263-5B7CAD03B375}"
EndProject
Global
	GlobalSection(SolutionConfigurationPlatforms) = preSolution
		Debug|Any CPU = Debug|Any CPU
		Release|Any CPU = Release|Any CPU
	EndGlobalSection
	GlobalSection(ProjectConfigurationPlatforms) = postSolution
		{0BA46536-EF96-47FC-B263-5B7CAD03B375}.Debug|Any CPU.ActiveCfg = Debug|Any CPU
		{0BA46536-EF96-47FC-B263-5B7CAD03B375}.Debug|Any CPU.Build.0 = Debug|Any CPU
		{0BA46536-EF96-47FC-B263-5B7CAD03B375}.Release|Any CPU.ActiveCfg = Release|Any CPU
		{0BA46536-EF96-47FC-B263-5B7CAD03B375}.Release|Any CPU.Build.0 = Release|Any CPU
	EndGlobalSection
	GlobalSection(SolutionProperties) = preSolution
		HideSolutionNode = FALSE
	EndGlobalSection
	GlobalSection(ExtensibilityGlobals) = postSolution
		SolutionGuid = {AD3DB489-98F7-40B9-8863-ACA98F094BE1}
	EndGlobalSection
EndGlobal
