
Microsoft Visual Studio Solution File, Format Version 12.00
# Visual Studio Version 17
VisualStudioVersion = 17.0.31919.166
MinimumVisualStudioVersion = 10.0.40219.1
Project("{FAE04EC0-301F-11D3-BF4B-00C04F79EFBC}") = "abstract-computer", "abstract-computer\abstract-computer.csproj", "{0BA46536-EF96-47FC-B263-5B7CAD03B375}"
EndProject
Project("{FAE04EC0-301F-11D3-BF4B-00C04F79EFBC}") = "UnitTests", "UnitTests\UnitTests.csproj", "{03DF8E3A-C5BD-49B5-AA95-BEA37C136512}"
EndProject
Project("{2150E333-8FDC-42A3-9474-1A3956D46DE8}") = "Solution Items", "Solution Items", "{D36438B9-35E1-4951-AFC8-AF87C0185601}"
	ProjectSection(SolutionItems) = preProject
		.editorconfig = .editorconfig
	EndProjectSection
EndProject
Global
	GlobalSection(SolutionConfigurationPlatforms) = preSolution
		Debug|Any CPU = Debug|Any CPU
		Release|Any CPU = Release|Any CPU
	EndGlobalSection
	GlobalSection(ProjectConfigurationPlatforms) = postSolution
		{0BA46536-EF96-47FC-B263-5B7CAD03B375}.Debug|Any CPU.ActiveCfg = Debug|Any CPU
		{0BA46536-EF96-47FC-B263-5B7CAD03B375}.Debug|Any CPU.Build.0 = Debug|Any CPU
		{0BA46536-EF96-47FC-B263-5B7CAD03B375}.Release|Any CPU.ActiveCfg = Release|Any CPU
		{0BA46536-EF96-47FC-B263-5B7CAD03B375}.Release|Any CPU.Build.0 = Release|Any CPU
		{03DF8E3A-C5BD-49B5-AA95-BEA37C136512}.Debug|Any CPU.ActiveCfg = Debug|Any CPU
		{03DF8E3A-C5BD-49B5-AA95-BEA37C136512}.Debug|Any CPU.Build.0 = Debug|Any CPU
		{03DF8E3A-C5BD-49B5-AA95-BEA37C136512}.Release|Any CPU.ActiveCfg = Release|Any CPU
		{03DF8E3A-C5BD-49B5-AA95-BEA37C136512}.Release|Any CPU.Build.0 = Release|Any CPU
	EndGlobalSection
	GlobalSection(SolutionProperties) = preSolution
		HideSolutionNode = FALSE
	EndGlobalSection
	GlobalSection(ExtensibilityGlobals) = postSolution
		SolutionGuid = {AD3DB489-98F7-40B9-8863-ACA98F094BE1}
	EndGlobalSection
EndGlobal
